
Microsoft Visual Studio Solution File, Format Version 12.00
# Visual Studio Version 16
VisualStudioVersion = 16.0.31313.79
MinimumVisualStudioVersion = 10.0.40219.1
Project("{9A19103F-16F7-4668-BE54-9A1E7A4F7556}") = "ModControlPanel", "ModControlPanel\ModControlPanel.csproj", "{37BFBCC5-DDEE-40C2-9296-96E24EA94D75}"
EndProject
Global
	GlobalSection(SolutionConfigurationPlatforms) = preSolution
		Debug|Any CPU = Debug|Any CPU
		Release|Any CPU = Release|Any CPU
	EndGlobalSection
	GlobalSection(ProjectConfigurationPlatforms) = postSolution
		{37BFBCC5-DDEE-40C2-9296-96E24EA94D75}.Debug|Any CPU.ActiveCfg = Debug|Any CPU
		{37BFBCC5-DDEE-40C2-9296-96E24EA94D75}.Debug|Any CPU.Build.0 = Debug|Any CPU
		{37BFBCC5-DDEE-40C2-9296-96E24EA94D75}.Release|Any CPU.ActiveCfg = Release|Any CPU
		{37BFBCC5-DDEE-40C2-9296-96E24EA94D75}.Release|Any CPU.Build.0 = Release|Any CPU
	EndGlobalSection
	GlobalSection(SolutionProperties) = preSolution
		HideSolutionNode = FALSE
	EndGlobalSection
	GlobalSection(ExtensibilityGlobals) = postSolution
		SolutionGuid = {2EC4CF69-378E-47C3-A231-D0DE98C9F1AF}
	EndGlobalSection
EndGlobal
